
Microsoft Visual Studio Solution File, Format Version 12.00
# Visual Studio 15
VisualStudioVersion = 15.0.28307.271
MinimumVisualStudioVersion = 10.0.40219.1
Project("{FAE04EC0-301F-11D3-BF4B-00C04F79EFBC}") = "EXLRT.Kentico.Mvc.Widgets.FullCalendar", "EXLRT.Kentico.Mvc.Widgets.FullCalendar\EXLRT.Kentico.Mvc.Widgets.FullCalendar.csproj", "{024BC866-F679-45C1-8CDC-E2D9BA8C07B4}"
EndProject
Global
	GlobalSection(SolutionConfigurationPlatforms) = preSolution
		Debug|Any CPU = Debug|Any CPU
		Release|Any CPU = Release|Any CPU
	EndGlobalSection
	GlobalSection(ProjectConfigurationPlatforms) = postSolution
		{024BC866-F679-45C1-8CDC-E2D9BA8C07B4}.Debug|Any CPU.ActiveCfg = Debug|Any CPU
		{024BC866-F679-45C1-8CDC-E2D9BA8C07B4}.Debug|Any CPU.Build.0 = Debug|Any CPU
		{024BC866-F679-45C1-8CDC-E2D9BA8C07B4}.Release|Any CPU.ActiveCfg = Release|Any CPU
		{024BC866-F679-45C1-8CDC-E2D9BA8C07B4}.Release|Any CPU.Build.0 = Release|Any CPU
	EndGlobalSection
	GlobalSection(SolutionProperties) = preSolution
		HideSolutionNode = FALSE
	EndGlobalSection
	GlobalSection(ExtensibilityGlobals) = postSolution
		SolutionGuid = {122448A2-6DE0-4F92-875F-57562C98E465}
	EndGlobalSection
EndGlobal
